
Microsoft Visual Studio Solution File, Format Version 12.00
# Visual Studio 2013
VisualStudioVersion = 12.0.31101.0
MinimumVisualStudioVersion = 10.0.40219.1
Project("{FAE04EC0-301F-11D3-BF4B-00C04F79EFBC}") = "Payroll_BAV", "Payroll_BAV\Payroll_BAV.csproj", "{72D77363-0F05-42F1-A909-B4A77AEEFED0}"
EndProject
Project("{FAE04EC0-301F-11D3-BF4B-00C04F79EFBC}") = "PayrollTest_BAV", "PayrollTest_BAV\PayrollTest_BAV.csproj", "{B5C8AC7D-58F3-4159-BC18-27A3CA49D06D}"
EndProject
Global
	GlobalSection(SolutionConfigurationPlatforms) = preSolution
		Debug|Any CPU = Debug|Any CPU
		Release|Any CPU = Release|Any CPU
	EndGlobalSection
	GlobalSection(ProjectConfigurationPlatforms) = postSolution
		{72D77363-0F05-42F1-A909-B4A77AEEFED0}.Debug|Any CPU.ActiveCfg = Debug|Any CPU
		{72D77363-0F05-42F1-A909-B4A77AEEFED0}.Debug|Any CPU.Build.0 = Debug|Any CPU
		{72D77363-0F05-42F1-A909-B4A77AEEFED0}.Release|Any CPU.ActiveCfg = Release|Any CPU
		{72D77363-0F05-42F1-A909-B4A77AEEFED0}.Release|Any CPU.Build.0 = Release|Any CPU
		{B5C8AC7D-58F3-4159-BC18-27A3CA49D06D}.Debug|Any CPU.ActiveCfg = Debug|Any CPU
		{B5C8AC7D-58F3-4159-BC18-27A3CA49D06D}.Debug|Any CPU.Build.0 = Debug|Any CPU
		{B5C8AC7D-58F3-4159-BC18-27A3CA49D06D}.Release|Any CPU.ActiveCfg = Release|Any CPU
		{B5C8AC7D-58F3-4159-BC18-27A3CA49D06D}.Release|Any CPU.Build.0 = Release|Any CPU
	EndGlobalSection
	GlobalSection(SolutionProperties) = preSolution
		HideSolutionNode = FALSE
	EndGlobalSection
EndGlobal
